{
  "version": 4,
  "terraform_version": "0.12.26",
  "serial": 35,
  "lineage": "d3b2c41f-479d-3d96-0552-62fc9875de48",
  "outputs": {},
  "resources": [
    {
      "mode": "managed",
      "type": "google_compute_firewall",
      "name": "firewall",
      "provider": "provider.google",
      "instances": [
        {
          "schema_version": 1,
          "attributes": {
            "allow": [
              {
                "ports": [
                  "9200",
                  "9300"
                ],
                "protocol": "tcp"
              },
              {
                "ports": [],
                "protocol": "icmp"
              }
            ],
            "creation_timestamp": "2020-06-09T03:14:51.173-07:00",
            "deny": [],
            "description": "",
            "destination_ranges": [],
            "direction": "INGRESS",
            "disabled": false,
            "enable_logging": false,
            "id": "projects/polar-leaf-275007/global/firewalls/test-firewall",
            "name": "test-firewall",
            "network": "https://www.googleapis.com/compute/v1/projects/polar-leaf-275007/global/networks/test-vpc",
            "priority": 1000,
            "project": "polar-leaf-275007",
            "self_link": "https://www.googleapis.com/compute/v1/projects/polar-leaf-275007/global/firewalls/test-firewall",
            "source_ranges": [],
            "source_service_accounts": null,
            "source_tags": [
              "allow-es"
            ],
            "target_service_accounts": null,
            "target_tags": null,
            "timeouts": null
          },
          "private": "eyJlMmJmYjczMC1lY2FhLTExZTYtOGY4OC0zNDM2M2JjN2M0YzAiOnsiY3JlYXRlIjoyNDAwMDAwMDAwMDAsImRlbGV0ZSI6MjQwMDAwMDAwMDAwLCJ1cGRhdGUiOjI0MDAwMDAwMDAwMH0sInNjaGVtYV92ZXJzaW9uIjoiMSJ9",
          "dependencies": [
            "google_compute_network.vpc"
          ]
        }
      ]
    },
    {
      "mode": "managed",
      "type": "google_compute_network",
      "name": "vpc",
      "provider": "provider.google",
      "instances": [
        {
          "schema_version": 0,
          "attributes": {
            "auto_create_subnetworks": false,
            "delete_default_routes_on_create": false,
            "description": "",
            "gateway_ipv4": "",
            "id": "projects/polar-leaf-275007/global/networks/test-vpc",
            "ipv4_range": null,
            "name": "test-vpc",
            "project": "polar-leaf-275007",
            "routing_mode": "REGIONAL",
            "self_link": "https://www.googleapis.com/compute/v1/projects/polar-leaf-275007/global/networks/test-vpc",
            "timeouts": null
          },
          "private": "eyJlMmJmYjczMC1lY2FhLTExZTYtOGY4OC0zNDM2M2JjN2M0YzAiOnsiY3JlYXRlIjoyNDAwMDAwMDAwMDAsImRlbGV0ZSI6MjQwMDAwMDAwMDAwLCJ1cGRhdGUiOjI0MDAwMDAwMDAwMH19"
        }
      ]
    },
    {
      "mode": "managed",
      "type": "google_compute_subnetwork",
      "name": "subnet1",
      "provider": "provider.google",
      "instances": [
        {
          "schema_version": 0,
          "attributes": {
            "creation_timestamp": "2020-06-09T03:14:51.243-07:00",
            "description": "",
            "enable_flow_logs": null,
            "fingerprint": null,
            "gateway_address": "10.0.0.1",
            "id": "projects/polar-leaf-275007/regions/us-central1/subnetworks/test-subnet1",
            "ip_cidr_range": "10.0.0.0/24",
            "log_config": [],
            "name": "test-subnet1",
            "network": "https://www.googleapis.com/compute/v1/projects/polar-leaf-275007/global/networks/test-vpc",
            "private_ip_google_access": false,
            "project": "polar-leaf-275007",
            "region": "us-central1",
            "secondary_ip_range": [],
            "self_link": "https://www.googleapis.com/compute/v1/projects/polar-leaf-275007/regions/us-central1/subnetworks/test-subnet1",
            "timeouts": null
          },
          "private": "eyJlMmJmYjczMC1lY2FhLTExZTYtOGY4OC0zNDM2M2JjN2M0YzAiOnsiY3JlYXRlIjozNjAwMDAwMDAwMDAsImRlbGV0ZSI6MzYwMDAwMDAwMDAwLCJ1cGRhdGUiOjM2MDAwMDAwMDAwMH19",
          "dependencies": [
            "google_compute_network.vpc"
          ]
        }
      ]
    },
    {
      "mode": "managed",
      "type": "google_compute_subnetwork",
      "name": "subnet2",
      "provider": "provider.google",
      "instances": [
        {
          "schema_version": 0,
          "attributes": {
            "creation_timestamp": "2020-06-09T03:14:51.252-07:00",
            "description": "",
            "enable_flow_logs": null,
            "fingerprint": null,
            "gateway_address": "10.1.0.1",
            "id": "projects/polar-leaf-275007/regions/us-central1/subnetworks/test-subnet2",
            "ip_cidr_range": "10.1.0.0/24",
            "log_config": [],
            "name": "test-subnet2",
            "network": "https://www.googleapis.com/compute/v1/projects/polar-leaf-275007/global/networks/test-vpc",
            "private_ip_google_access": false,
            "project": "polar-leaf-275007",
            "region": "us-central1",
            "secondary_ip_range": [],
            "self_link": "https://www.googleapis.com/compute/v1/projects/polar-leaf-275007/regions/us-central1/subnetworks/test-subnet2",
            "timeouts": null
          },
          "private": "eyJlMmJmYjczMC1lY2FhLTExZTYtOGY4OC0zNDM2M2JjN2M0YzAiOnsiY3JlYXRlIjozNjAwMDAwMDAwMDAsImRlbGV0ZSI6MzYwMDAwMDAwMDAwLCJ1cGRhdGUiOjM2MDAwMDAwMDAwMH19",
          "dependencies": [
            "google_compute_network.vpc"
          ]
        }
      ]
    }
  ]
}
