{
  "version": 4,
  "terraform_version": "0.12.26",
  "serial": 192,
  "lineage": "a89495f1-a882-cfe6-c344-a93fa334b728",
  "outputs": {},
  "resources": [
    {
      "mode": "managed",
      "type": "google_compute_address",
      "name": "internal_with_subnet_and_address1",
      "provider": "provider.google",
      "instances": [
        {
          "schema_version": 0,
          "attributes": {
            "address": "10.0.0.3",
            "address_type": "INTERNAL",
            "creation_timestamp": "2020-06-10T06:02:18.546-07:00",
            "description": "",
            "id": "projects/polar-leaf-275007/regions/us-west1/addresses/my-internal-address1",
            "name": "my-internal-address1",
            "network_tier": "PREMIUM",
            "project": "polar-leaf-275007",
            "purpose": "GCE_ENDPOINT",
            "region": "us-west1",
            "self_link": "https://www.googleapis.com/compute/v1/projects/polar-leaf-275007/regions/us-west1/addresses/my-internal-address1",
            "subnetwork": "https://www.googleapis.com/compute/v1/projects/polar-leaf-275007/regions/us-west1/subnetworks/apollo-ii-vpc-subnet1",
            "timeouts": null,
            "users": []
          },
          "private": "eyJlMmJmYjczMC1lY2FhLTExZTYtOGY4OC0zNDM2M2JjN2M0YzAiOnsiY3JlYXRlIjoyNDAwMDAwMDAwMDAsImRlbGV0ZSI6MjQwMDAwMDAwMDAwfX0=",
          "dependencies": [
            "google_compute_network.vpc",
            "google_compute_subnetwork.subnet1"
          ]
        }
      ]
    },
    {
      "mode": "managed",
      "type": "google_compute_address",
      "name": "internal_with_subnet_and_address2",
      "provider": "provider.google",
      "instances": [
        {
          "schema_version": 0,
          "attributes": {
            "address": "10.1.0.3",
            "address_type": "INTERNAL",
            "creation_timestamp": "2020-06-10T06:02:18.541-07:00",
            "description": "",
            "id": "projects/polar-leaf-275007/regions/us-west1/addresses/my-internal-address2",
            "name": "my-internal-address2",
            "network_tier": "PREMIUM",
            "project": "polar-leaf-275007",
            "purpose": "GCE_ENDPOINT",
            "region": "us-west1",
            "self_link": "https://www.googleapis.com/compute/v1/projects/polar-leaf-275007/regions/us-west1/addresses/my-internal-address2",
            "subnetwork": "https://www.googleapis.com/compute/v1/projects/polar-leaf-275007/regions/us-west1/subnetworks/apollo-ii-vpc-subnet2",
            "timeouts": null,
            "users": []
          },
          "private": "eyJlMmJmYjczMC1lY2FhLTExZTYtOGY4OC0zNDM2M2JjN2M0YzAiOnsiY3JlYXRlIjoyNDAwMDAwMDAwMDAsImRlbGV0ZSI6MjQwMDAwMDAwMDAwfX0=",
          "dependencies": [
            "google_compute_network.vpc",
            "google_compute_subnetwork.subnet2"
          ]
        }
      ]
    },
    {
      "mode": "managed",
      "type": "google_compute_attached_disk",
      "name": "disk1",
      "provider": "provider.google",
      "instances": [
        {
          "schema_version": 0,
          "attributes": {
            "device_name": "persistent-disk-1",
            "disk": "projects/polar-leaf-275007/zones/us-west1-a/disks/test-vm-addtional-disk-1",
            "id": "projects/polar-leaf-275007/zones/us-west1-a/instances/apollo-ii-es-vm-1/test-vm-addtional-disk-1",
            "instance": "projects/polar-leaf-275007/zones/us-west1-a/instances/apollo-ii-es-vm-1",
            "mode": "READ_WRITE",
            "project": "polar-leaf-275007",
            "timeouts": null,
            "zone": "us-west1-a"
          },
          "private": "eyJlMmJmYjczMC1lY2FhLTExZTYtOGY4OC0zNDM2M2JjN2M0YzAiOnsiY3JlYXRlIjozMDAwMDAwMDAwMDAsImRlbGV0ZSI6MzAwMDAwMDAwMDAwfX0=",
          "dependencies": [
            "google_compute_address.internal_with_subnet_and_address1",
            "google_compute_disk.disk1",
            "google_compute_instance.vm_instance_public1",
            "google_compute_network.vpc",
            "google_compute_subnetwork.subnet1"
          ]
        }
      ]
    },
    {
      "mode": "managed",
      "type": "google_compute_attached_disk",
      "name": "disk2",
      "provider": "provider.google",
      "instances": [
        {
          "schema_version": 0,
          "attributes": {
            "device_name": "persistent-disk-1",
            "disk": "projects/polar-leaf-275007/zones/us-west1-a/disks/test-vm-addtional-disk-2",
            "id": "projects/polar-leaf-275007/zones/us-west1-a/instances/apollo-ii-es-vm-2/test-vm-addtional-disk-2",
            "instance": "projects/polar-leaf-275007/zones/us-west1-a/instances/apollo-ii-es-vm-2",
            "mode": "READ_WRITE",
            "project": "polar-leaf-275007",
            "timeouts": null,
            "zone": "us-west1-a"
          },
          "private": "eyJlMmJmYjczMC1lY2FhLTExZTYtOGY4OC0zNDM2M2JjN2M0YzAiOnsiY3JlYXRlIjozMDAwMDAwMDAwMDAsImRlbGV0ZSI6MzAwMDAwMDAwMDAwfX0=",
          "dependencies": [
            "google_compute_address.internal_with_subnet_and_address2",
            "google_compute_disk.disk2",
            "google_compute_instance.vm_instance_public2",
            "google_compute_network.vpc",
            "google_compute_subnetwork.subnet2"
          ]
        }
      ]
    },
    {
      "mode": "managed",
      "type": "google_compute_disk",
      "name": "disk1",
      "provider": "provider.google",
      "instances": [
        {
          "schema_version": 0,
          "attributes": {
            "creation_timestamp": "2020-06-10T06:01:40.898-07:00",
            "description": "",
            "disk_encryption_key": [],
            "id": "projects/polar-leaf-275007/zones/us-west1-a/disks/test-vm-addtional-disk-1",
            "image": "",
            "label_fingerprint": "42WmSpB8rSM=",
            "labels": null,
            "last_attach_timestamp": "",
            "last_detach_timestamp": "",
            "name": "test-vm-addtional-disk-1",
            "physical_block_size_bytes": 4096,
            "project": "polar-leaf-275007",
            "self_link": "https://www.googleapis.com/compute/v1/projects/polar-leaf-275007/zones/us-west1-a/disks/test-vm-addtional-disk-1",
            "size": 30,
            "snapshot": "",
            "source_image_encryption_key": [],
            "source_image_id": "",
            "source_snapshot_encryption_key": [],
            "source_snapshot_id": "",
            "timeouts": null,
            "type": "pd-ssd",
            "users": [],
            "zone": "us-west1-a"
          },
          "private": "eyJlMmJmYjczMC1lY2FhLTExZTYtOGY4OC0zNDM2M2JjN2M0YzAiOnsiY3JlYXRlIjozMDAwMDAwMDAwMDAsImRlbGV0ZSI6MjQwMDAwMDAwMDAwLCJ1cGRhdGUiOjI0MDAwMDAwMDAwMH19"
        }
      ]
    },
    {
      "mode": "managed",
      "type": "google_compute_disk",
      "name": "disk2",
      "provider": "provider.google",
      "instances": [
        {
          "schema_version": 0,
          "attributes": {
            "creation_timestamp": "2020-06-10T06:01:41.547-07:00",
            "description": "",
            "disk_encryption_key": [],
            "id": "projects/polar-leaf-275007/zones/us-west1-a/disks/test-vm-addtional-disk-2",
            "image": "",
            "label_fingerprint": "42WmSpB8rSM=",
            "labels": null,
            "last_attach_timestamp": "",
            "last_detach_timestamp": "",
            "name": "test-vm-addtional-disk-2",
            "physical_block_size_bytes": 4096,
            "project": "polar-leaf-275007",
            "self_link": "https://www.googleapis.com/compute/v1/projects/polar-leaf-275007/zones/us-west1-a/disks/test-vm-addtional-disk-2",
            "size": 30,
            "snapshot": "",
            "source_image_encryption_key": [],
            "source_image_id": "",
            "source_snapshot_encryption_key": [],
            "source_snapshot_id": "",
            "timeouts": null,
            "type": "pd-ssd",
            "users": [],
            "zone": "us-west1-a"
          },
          "private": "eyJlMmJmYjczMC1lY2FhLTExZTYtOGY4OC0zNDM2M2JjN2M0YzAiOnsiY3JlYXRlIjozMDAwMDAwMDAwMDAsImRlbGV0ZSI6MjQwMDAwMDAwMDAwLCJ1cGRhdGUiOjI0MDAwMDAwMDAwMH19"
        }
      ]
    },
    {
      "mode": "managed",
      "type": "google_compute_firewall",
      "name": "firewall",
      "provider": "provider.google",
      "instances": [
        {
          "schema_version": 1,
          "attributes": {
            "allow": [
              {
                "ports": [
                  "9200",
                  "9300"
                ],
                "protocol": "tcp"
              },
              {
                "ports": [],
                "protocol": "icmp"
              }
            ],
            "creation_timestamp": "2020-06-10T06:01:53.904-07:00",
            "deny": [],
            "description": "",
            "destination_ranges": [],
            "direction": "INGRESS",
            "disabled": false,
            "enable_logging": false,
            "id": "projects/polar-leaf-275007/global/firewalls/allow-es-rule",
            "name": "allow-es-rule",
            "network": "https://www.googleapis.com/compute/v1/projects/polar-leaf-275007/global/networks/apollo-ii-vpc-vpc",
            "priority": 1000,
            "project": "polar-leaf-275007",
            "self_link": "https://www.googleapis.com/compute/v1/projects/polar-leaf-275007/global/firewalls/allow-es-rule",
            "source_ranges": [],
            "source_service_accounts": null,
            "source_tags": [
              "allow-es"
            ],
            "target_service_accounts": null,
            "target_tags": null,
            "timeouts": null
          },
          "private": "eyJlMmJmYjczMC1lY2FhLTExZTYtOGY4OC0zNDM2M2JjN2M0YzAiOnsiY3JlYXRlIjoyNDAwMDAwMDAwMDAsImRlbGV0ZSI6MjQwMDAwMDAwMDAwLCJ1cGRhdGUiOjI0MDAwMDAwMDAwMH0sInNjaGVtYV92ZXJzaW9uIjoiMSJ9",
          "dependencies": [
            "google_compute_network.vpc"
          ]
        }
      ]
    },
    {
      "mode": "managed",
      "type": "google_compute_instance",
      "name": "vm_instance_public1",
      "provider": "provider.google",
      "instances": [
        {
          "schema_version": 6,
          "attributes": {
            "allow_stopping_for_update": null,
            "attached_disk": [],
            "boot_disk": [
              {
                "auto_delete": true,
                "device_name": "persistent-disk-0",
                "disk_encryption_key_raw": "",
                "disk_encryption_key_sha256": "",
                "initialize_params": [
                  {
                    "image": "https://www.googleapis.com/compute/v1/projects/ubuntu-os-cloud/global/images/ubuntu-2004-focal-v20200609",
                    "labels": {},
                    "size": 10,
                    "type": "pd-standard"
                  }
                ],
                "kms_key_self_link": "",
                "mode": "READ_WRITE",
                "source": "https://www.googleapis.com/compute/v1/projects/polar-leaf-275007/zones/us-west1-a/disks/apollo-ii-es-vm-1"
              }
            ],
            "can_ip_forward": false,
            "cpu_platform": "Intel Broadwell",
            "current_status": "RUNNING",
            "deletion_protection": false,
            "description": "",
            "desired_status": null,
            "enable_display": false,
            "guest_accelerator": [],
            "hostname": "",
            "id": "projects/polar-leaf-275007/zones/us-west1-a/instances/apollo-ii-es-vm-1",
            "instance_id": "4932687022969939717",
            "label_fingerprint": "42WmSpB8rSM=",
            "labels": null,
            "machine_type": "n1-standard-2",
            "metadata": null,
            "metadata_fingerprint": "rDUemcHMktE=",
            "metadata_startup_script": "",
            "min_cpu_platform": "",
            "name": "apollo-ii-es-vm-1",
            "network_interface": [
              {
                "access_config": [
                  {
                    "nat_ip": "104.196.255.8",
                    "network_tier": "PREMIUM",
                    "public_ptr_domain_name": ""
                  }
                ],
                "alias_ip_range": [],
                "name": "nic0",
                "network": "https://www.googleapis.com/compute/v1/projects/polar-leaf-275007/global/networks/apollo-ii-vpc-vpc",
                "network_ip": "10.0.0.3",
                "subnetwork": "https://www.googleapis.com/compute/v1/projects/polar-leaf-275007/regions/us-west1/subnetworks/apollo-ii-vpc-subnet1",
                "subnetwork_project": "polar-leaf-275007"
              }
            ],
            "project": "polar-leaf-275007",
            "resource_policies": null,
            "scheduling": [
              {
                "automatic_restart": true,
                "node_affinities": [],
                "on_host_maintenance": "MIGRATE",
                "preemptible": false
              }
            ],
            "scratch_disk": [],
            "self_link": "https://www.googleapis.com/compute/v1/projects/polar-leaf-275007/zones/us-west1-a/instances/apollo-ii-es-vm-1",
            "service_account": [],
            "shielded_instance_config": [
              {
                "enable_integrity_monitoring": true,
                "enable_secure_boot": false,
                "enable_vtpm": true
              }
            ],
            "tags": [
              "allow-es"
            ],
            "tags_fingerprint": "gKSF0P_svF8=",
            "timeouts": null,
            "zone": "us-west1-a"
          },
          "private": "eyJlMmJmYjczMC1lY2FhLTExZTYtOGY4OC0zNDM2M2JjN2M0YzAiOnsiY3JlYXRlIjoxMjAwMDAwMDAwMDAwLCJkZWxldGUiOjEyMDAwMDAwMDAwMDAsInVwZGF0ZSI6MTIwMDAwMDAwMDAwMH0sInNjaGVtYV92ZXJzaW9uIjoiNiJ9",
          "dependencies": [
            "google_compute_address.internal_with_subnet_and_address1",
            "google_compute_network.vpc",
            "google_compute_subnetwork.subnet1"
          ]
        }
      ]
    },
    {
      "mode": "managed",
      "type": "google_compute_instance",
      "name": "vm_instance_public2",
      "provider": "provider.google",
      "instances": [
        {
          "schema_version": 6,
          "attributes": {
            "allow_stopping_for_update": null,
            "attached_disk": [],
            "boot_disk": [
              {
                "auto_delete": true,
                "device_name": "persistent-disk-0",
                "disk_encryption_key_raw": "",
                "disk_encryption_key_sha256": "",
                "initialize_params": [
                  {
                    "image": "https://www.googleapis.com/compute/v1/projects/ubuntu-os-cloud/global/images/ubuntu-2004-focal-v20200609",
                    "labels": {},
                    "size": 10,
                    "type": "pd-standard"
                  }
                ],
                "kms_key_self_link": "",
                "mode": "READ_WRITE",
                "source": "https://www.googleapis.com/compute/v1/projects/polar-leaf-275007/zones/us-west1-a/disks/apollo-ii-es-vm-2"
              }
            ],
            "can_ip_forward": false,
            "cpu_platform": "Intel Broadwell",
            "current_status": "RUNNING",
            "deletion_protection": false,
            "description": "",
            "desired_status": null,
            "enable_display": false,
            "guest_accelerator": [],
            "hostname": "",
            "id": "projects/polar-leaf-275007/zones/us-west1-a/instances/apollo-ii-es-vm-2",
            "instance_id": "4211232495490656005",
            "label_fingerprint": "42WmSpB8rSM=",
            "labels": null,
            "machine_type": "n1-standard-2",
            "metadata": null,
            "metadata_fingerprint": "rDUemcHMktE=",
            "metadata_startup_script": "",
            "min_cpu_platform": "",
            "name": "apollo-ii-es-vm-2",
            "network_interface": [
              {
                "access_config": [
                  {
                    "nat_ip": "34.105.1.175",
                    "network_tier": "PREMIUM",
                    "public_ptr_domain_name": ""
                  }
                ],
                "alias_ip_range": [],
                "name": "nic0",
                "network": "https://www.googleapis.com/compute/v1/projects/polar-leaf-275007/global/networks/apollo-ii-vpc-vpc",
                "network_ip": "10.1.0.3",
                "subnetwork": "https://www.googleapis.com/compute/v1/projects/polar-leaf-275007/regions/us-west1/subnetworks/apollo-ii-vpc-subnet2",
                "subnetwork_project": "polar-leaf-275007"
              }
            ],
            "project": "polar-leaf-275007",
            "resource_policies": null,
            "scheduling": [
              {
                "automatic_restart": true,
                "node_affinities": [],
                "on_host_maintenance": "MIGRATE",
                "preemptible": false
              }
            ],
            "scratch_disk": [],
            "self_link": "https://www.googleapis.com/compute/v1/projects/polar-leaf-275007/zones/us-west1-a/instances/apollo-ii-es-vm-2",
            "service_account": [],
            "shielded_instance_config": [
              {
                "enable_integrity_monitoring": true,
                "enable_secure_boot": false,
                "enable_vtpm": true
              }
            ],
            "tags": [
              "allow-es"
            ],
            "tags_fingerprint": "gKSF0P_svF8=",
            "timeouts": null,
            "zone": "us-west1-a"
          },
          "private": "eyJlMmJmYjczMC1lY2FhLTExZTYtOGY4OC0zNDM2M2JjN2M0YzAiOnsiY3JlYXRlIjoxMjAwMDAwMDAwMDAwLCJkZWxldGUiOjEyMDAwMDAwMDAwMDAsInVwZGF0ZSI6MTIwMDAwMDAwMDAwMH0sInNjaGVtYV92ZXJzaW9uIjoiNiJ9",
          "dependencies": [
            "google_compute_address.internal_with_subnet_and_address2",
            "google_compute_network.vpc",
            "google_compute_subnetwork.subnet2"
          ]
        }
      ]
    },
    {
      "mode": "managed",
      "type": "google_compute_network",
      "name": "vpc",
      "provider": "provider.google",
      "instances": [
        {
          "schema_version": 0,
          "attributes": {
            "auto_create_subnetworks": false,
            "delete_default_routes_on_create": false,
            "description": "",
            "gateway_ipv4": "",
            "id": "projects/polar-leaf-275007/global/networks/apollo-ii-vpc-vpc",
            "ipv4_range": null,
            "name": "apollo-ii-vpc-vpc",
            "project": "polar-leaf-275007",
            "routing_mode": "REGIONAL",
            "self_link": "https://www.googleapis.com/compute/v1/projects/polar-leaf-275007/global/networks/apollo-ii-vpc-vpc",
            "timeouts": null
          },
          "private": "eyJlMmJmYjczMC1lY2FhLTExZTYtOGY4OC0zNDM2M2JjN2M0YzAiOnsiY3JlYXRlIjoyNDAwMDAwMDAwMDAsImRlbGV0ZSI6MjQwMDAwMDAwMDAwLCJ1cGRhdGUiOjI0MDAwMDAwMDAwMH19"
        }
      ]
    },
    {
      "mode": "managed",
      "type": "google_compute_subnetwork",
      "name": "subnet1",
      "provider": "provider.google",
      "instances": [
        {
          "schema_version": 0,
          "attributes": {
            "creation_timestamp": "2020-06-10T06:01:53.938-07:00",
            "description": "",
            "enable_flow_logs": null,
            "fingerprint": null,
            "gateway_address": "10.0.0.1",
            "id": "projects/polar-leaf-275007/regions/us-west1/subnetworks/apollo-ii-vpc-subnet1",
            "ip_cidr_range": "10.0.0.0/24",
            "log_config": [],
            "name": "apollo-ii-vpc-subnet1",
            "network": "https://www.googleapis.com/compute/v1/projects/polar-leaf-275007/global/networks/apollo-ii-vpc-vpc",
            "private_ip_google_access": false,
            "project": "polar-leaf-275007",
            "region": "us-west1",
            "secondary_ip_range": [],
            "self_link": "https://www.googleapis.com/compute/v1/projects/polar-leaf-275007/regions/us-west1/subnetworks/apollo-ii-vpc-subnet1",
            "timeouts": null
          },
          "private": "eyJlMmJmYjczMC1lY2FhLTExZTYtOGY4OC0zNDM2M2JjN2M0YzAiOnsiY3JlYXRlIjozNjAwMDAwMDAwMDAsImRlbGV0ZSI6MzYwMDAwMDAwMDAwLCJ1cGRhdGUiOjM2MDAwMDAwMDAwMH19",
          "dependencies": [
            "google_compute_network.vpc"
          ]
        }
      ]
    },
    {
      "mode": "managed",
      "type": "google_compute_subnetwork",
      "name": "subnet2",
      "provider": "provider.google",
      "instances": [
        {
          "schema_version": 0,
          "attributes": {
            "creation_timestamp": "2020-06-10T06:01:53.942-07:00",
            "description": "",
            "enable_flow_logs": null,
            "fingerprint": null,
            "gateway_address": "10.1.0.1",
            "id": "projects/polar-leaf-275007/regions/us-west1/subnetworks/apollo-ii-vpc-subnet2",
            "ip_cidr_range": "10.1.0.0/24",
            "log_config": [],
            "name": "apollo-ii-vpc-subnet2",
            "network": "https://www.googleapis.com/compute/v1/projects/polar-leaf-275007/global/networks/apollo-ii-vpc-vpc",
            "private_ip_google_access": false,
            "project": "polar-leaf-275007",
            "region": "us-west1",
            "secondary_ip_range": [],
            "self_link": "https://www.googleapis.com/compute/v1/projects/polar-leaf-275007/regions/us-west1/subnetworks/apollo-ii-vpc-subnet2",
            "timeouts": null
          },
          "private": "eyJlMmJmYjczMC1lY2FhLTExZTYtOGY4OC0zNDM2M2JjN2M0YzAiOnsiY3JlYXRlIjozNjAwMDAwMDAwMDAsImRlbGV0ZSI6MzYwMDAwMDAwMDAwLCJ1cGRhdGUiOjM2MDAwMDAwMDAwMH19",
          "dependencies": [
            "google_compute_network.vpc"
          ]
        }
      ]
    }
  ]
}
